
Microsoft Visual Studio Solution File, Format Version 12.00
# Visual Studio 15
VisualStudioVersion = 15.0.28307.1000
MinimumVisualStudioVersion = 10.0.40219.1
Project("{FAE04EC0-301F-11D3-BF4B-00C04F79EFBC}") = "GameClient", "GameClient\GameClient.csproj", "{496713C1-48FE-4960-BAEF-B218C56EEDC4}"
EndProject
Project("{FAE04EC0-301F-11D3-BF4B-00C04F79EFBC}") = "Engine", "Engine\Engine.csproj", "{254E43BA-19D3-4D17-B101-297CC01C9981}"
EndProject
Global
	GlobalSection(SolutionConfigurationPlatforms) = preSolution
		Debug|Any CPU = Debug|Any CPU
		Debug|x86 = Debug|x86
		Release|Any CPU = Release|Any CPU
		Release|x86 = Release|x86
	EndGlobalSection
	GlobalSection(ProjectConfigurationPlatforms) = postSolution
		{496713C1-48FE-4960-BAEF-B218C56EEDC4}.Debug|Any CPU.ActiveCfg = Debug|x86
		{496713C1-48FE-4960-BAEF-B218C56EEDC4}.Debug|x86.ActiveCfg = Debug|x86
		{496713C1-48FE-4960-BAEF-B218C56EEDC4}.Debug|x86.Build.0 = Debug|x86
		{496713C1-48FE-4960-BAEF-B218C56EEDC4}.Release|Any CPU.ActiveCfg = Release|x86
		{496713C1-48FE-4960-BAEF-B218C56EEDC4}.Release|x86.ActiveCfg = Release|x86
		{496713C1-48FE-4960-BAEF-B218C56EEDC4}.Release|x86.Build.0 = Release|x86
		{254E43BA-19D3-4D17-B101-297CC01C9981}.Debug|Any CPU.ActiveCfg = Debug|Any CPU
		{254E43BA-19D3-4D17-B101-297CC01C9981}.Debug|Any CPU.Build.0 = Debug|Any CPU
		{254E43BA-19D3-4D17-B101-297CC01C9981}.Debug|x86.ActiveCfg = Debug|Any CPU
		{254E43BA-19D3-4D17-B101-297CC01C9981}.Debug|x86.Build.0 = Debug|Any CPU
		{254E43BA-19D3-4D17-B101-297CC01C9981}.Release|Any CPU.ActiveCfg = Release|Any CPU
		{254E43BA-19D3-4D17-B101-297CC01C9981}.Release|Any CPU.Build.0 = Release|Any CPU
		{254E43BA-19D3-4D17-B101-297CC01C9981}.Release|x86.ActiveCfg = Release|Any CPU
		{254E43BA-19D3-4D17-B101-297CC01C9981}.Release|x86.Build.0 = Release|Any CPU
	EndGlobalSection
	GlobalSection(SolutionProperties) = preSolution
		HideSolutionNode = FALSE
	EndGlobalSection
	GlobalSection(ExtensibilityGlobals) = postSolution
		SolutionGuid = {B024E931-1BA0-4848-A72B-136198FD9CE4}
	EndGlobalSection
EndGlobal
